// !$*UTF8*$!
{
	archiveVersion = 1;
	classes = {
	};
	objectVersion = 50;
	objects = {

/* Begin PBXBuildFile section */
		9C7D1169231767B4005BE7A3 /* AppDelegate.swift in Sources */ = {isa = PBXBuildFile; fileRef = 9C7D1168231767B4005BE7A3 /* AppDelegate.swift */; };
		9C7D116B231767B4005BE7A3 /* HomeViewController.swift in Sources */ = {isa = PBXBuildFile; fileRef = 9C7D116A231767B4005BE7A3 /* HomeViewController.swift */; };
		9C7D116E231767B4005BE7A3 /* Home.storyboard in Resources */ = {isa = PBXBuildFile; fileRef = 9C7D116C231767B4005BE7A3 /* Home.storyboard */; };
		9C7D1170231767B6005BE7A3 /* Assets.xcassets in Resources */ = {isa = PBXBuildFile; fileRef = 9C7D116F231767B6005BE7A3 /* Assets.xcassets */; };
		9C7D1173231767B6005BE7A3 /* LaunchScreen.storyboard in Resources */ = {isa = PBXBuildFile; fileRef = 9C7D1171231767B6005BE7A3 /* LaunchScreen.storyboard */; };
		9C7D117E231767B6005BE7A3 /* LinioMVVMTests.swift in Sources */ = {isa = PBXBuildFile; fileRef = 9C7D117D231767B6005BE7A3 /* LinioMVVMTests.swift */; };
		9CED96362319F998008BF69A /* EndPointType.swift in Sources */ = {isa = PBXBuildFile; fileRef = 9CED96352319F998008BF69A /* EndPointType.swift */; };
		9CED96382319FA9D008BF69A /* HTTPEnums.swift in Sources */ = {isa = PBXBuildFile; fileRef = 9CED96372319FA9D008BF69A /* HTTPEnums.swift */; };
		9CED963A2319FDA5008BF69A /* ParameterEncoder.swift in Sources */ = {isa = PBXBuildFile; fileRef = 9CED96392319FDA5008BF69A /* ParameterEncoder.swift */; };
		9CED963C231A0085008BF69A /* URLParameterEncoding.swift in Sources */ = {isa = PBXBuildFile; fileRef = 9CED963B231A0085008BF69A /* URLParameterEncoding.swift */; };
		9CED963F231A041C008BF69A /* ServicesConstants.swift in Sources */ = {isa = PBXBuildFile; fileRef = 9CED963E231A041C008BF69A /* ServicesConstants.swift */; };
		9CED9641231A0608008BF69A /* ServicesRouter.swift in Sources */ = {isa = PBXBuildFile; fileRef = 9CED9640231A0608008BF69A /* ServicesRouter.swift */; };
		9CED9643231A2BE0008BF69A /* ServicesManager.swift in Sources */ = {isa = PBXBuildFile; fileRef = 9CED9642231A2BE0008BF69A /* ServicesManager.swift */; };
		9CED9645231A318C008BF69A /* ServicesResponseHandler.swift in Sources */ = {isa = PBXBuildFile; fileRef = 9CED9644231A318C008BF69A /* ServicesResponseHandler.swift */; };
		9CED9647231A3751008BF69A /* ServicesErrorValidator.swift in Sources */ = {isa = PBXBuildFile; fileRef = 9CED9646231A3751008BF69A /* ServicesErrorValidator.swift */; };
		9CED964D231A52F4008BF69A /* LinioChallengeEndPoint.swift in Sources */ = {isa = PBXBuildFile; fileRef = 9CED964C231A52F4008BF69A /* LinioChallengeEndPoint.swift */; };
		9CED964F231A55EB008BF69A /* LinioChallengeServiceManager.swift in Sources */ = {isa = PBXBuildFile; fileRef = 9CED964E231A55EB008BF69A /* LinioChallengeServiceManager.swift */; };
		9CED9657231A5707008BF69A /* LinioChallengeFavorites.swift in Sources */ = {isa = PBXBuildFile; fileRef = 9CED9656231A5707008BF69A /* LinioChallengeFavorites.swift */; };
		9CED965B231AB26B008BF69A /* LinioChallengeFavoritesRH.swift in Sources */ = {isa = PBXBuildFile; fileRef = 9CED965A231AB26B008BF69A /* LinioChallengeFavoritesRH.swift */; };
		9CED965D231AB287008BF69A /* LinioChallengeImageProductRH.swift in Sources */ = {isa = PBXBuildFile; fileRef = 9CED965C231AB287008BF69A /* LinioChallengeImageProductRH.swift */; };
		9CED9664231ACA00008BF69A /* HomeConstants.swift in Sources */ = {isa = PBXBuildFile; fileRef = 9CED9663231ACA00008BF69A /* HomeConstants.swift */; };
/* End PBXBuildFile section */

/* Begin PBXContainerItemProxy section */
		9C7D117A231767B6005BE7A3 /* PBXContainerItemProxy */ = {
			isa = PBXContainerItemProxy;
			containerPortal = 9C7D115D231767B4005BE7A3 /* Project object */;
			proxyType = 1;
			remoteGlobalIDString = 9C7D1164231767B4005BE7A3;
			remoteInfo = LinioMVVM;
		};
/* End PBXContainerItemProxy section */

/* Begin PBXFileReference section */
		9C7D1165231767B4005BE7A3 /* LinioMVVM.app */ = {isa = PBXFileReference; explicitFileType = wrapper.application; includeInIndex = 0; path = LinioMVVM.app; sourceTree = BUILT_PRODUCTS_DIR; };
		9C7D1168231767B4005BE7A3 /* AppDelegate.swift */ = {isa = PBXFileReference; lastKnownFileType = sourcecode.swift; path = AppDelegate.swift; sourceTree = "<group>"; };
		9C7D116A231767B4005BE7A3 /* HomeViewController.swift */ = {isa = PBXFileReference; lastKnownFileType = sourcecode.swift; path = HomeViewController.swift; sourceTree = "<group>"; };
		9C7D116D231767B4005BE7A3 /* Base */ = {isa = PBXFileReference; lastKnownFileType = file.storyboard; name = Base; path = Base.lproj/Home.storyboard; sourceTree = "<group>"; };
		9C7D116F231767B6005BE7A3 /* Assets.xcassets */ = {isa = PBXFileReference; lastKnownFileType = folder.assetcatalog; path = Assets.xcassets; sourceTree = "<group>"; };
		9C7D1172231767B6005BE7A3 /* Base */ = {isa = PBXFileReference; lastKnownFileType = file.storyboard; name = Base; path = Base.lproj/LaunchScreen.storyboard; sourceTree = "<group>"; };
		9C7D1174231767B6005BE7A3 /* Info.plist */ = {isa = PBXFileReference; lastKnownFileType = text.plist.xml; path = Info.plist; sourceTree = "<group>"; };
		9C7D1179231767B6005BE7A3 /* LinioMVVMTests.xctest */ = {isa = PBXFileReference; explicitFileType = wrapper.cfbundle; includeInIndex = 0; path = LinioMVVMTests.xctest; sourceTree = BUILT_PRODUCTS_DIR; };
		9C7D117D231767B6005BE7A3 /* LinioMVVMTests.swift */ = {isa = PBXFileReference; lastKnownFileType = sourcecode.swift; path = LinioMVVMTests.swift; sourceTree = "<group>"; };
		9C7D117F231767B6005BE7A3 /* Info.plist */ = {isa = PBXFileReference; lastKnownFileType = text.plist.xml; path = Info.plist; sourceTree = "<group>"; };
		9CED96352319F998008BF69A /* EndPointType.swift */ = {isa = PBXFileReference; lastKnownFileType = sourcecode.swift; path = EndPointType.swift; sourceTree = "<group>"; };
		9CED96372319FA9D008BF69A /* HTTPEnums.swift */ = {isa = PBXFileReference; lastKnownFileType = sourcecode.swift; path = HTTPEnums.swift; sourceTree = "<group>"; };
		9CED96392319FDA5008BF69A /* ParameterEncoder.swift */ = {isa = PBXFileReference; lastKnownFileType = sourcecode.swift; path = ParameterEncoder.swift; sourceTree = "<group>"; };
		9CED963B231A0085008BF69A /* URLParameterEncoding.swift */ = {isa = PBXFileReference; lastKnownFileType = sourcecode.swift; path = URLParameterEncoding.swift; sourceTree = "<group>"; };
		9CED963E231A041C008BF69A /* ServicesConstants.swift */ = {isa = PBXFileReference; lastKnownFileType = sourcecode.swift; path = ServicesConstants.swift; sourceTree = "<group>"; };
		9CED9640231A0608008BF69A /* ServicesRouter.swift */ = {isa = PBXFileReference; lastKnownFileType = sourcecode.swift; path = ServicesRouter.swift; sourceTree = "<group>"; };
		9CED9642231A2BE0008BF69A /* ServicesManager.swift */ = {isa = PBXFileReference; lastKnownFileType = sourcecode.swift; path = ServicesManager.swift; sourceTree = "<group>"; };
		9CED9644231A318C008BF69A /* ServicesResponseHandler.swift */ = {isa = PBXFileReference; lastKnownFileType = sourcecode.swift; path = ServicesResponseHandler.swift; sourceTree = "<group>"; };
		9CED9646231A3751008BF69A /* ServicesErrorValidator.swift */ = {isa = PBXFileReference; lastKnownFileType = sourcecode.swift; path = ServicesErrorValidator.swift; sourceTree = "<group>"; };
		9CED964C231A52F4008BF69A /* LinioChallengeEndPoint.swift */ = {isa = PBXFileReference; lastKnownFileType = sourcecode.swift; path = LinioChallengeEndPoint.swift; sourceTree = "<group>"; };
		9CED964E231A55EB008BF69A /* LinioChallengeServiceManager.swift */ = {isa = PBXFileReference; lastKnownFileType = sourcecode.swift; path = LinioChallengeServiceManager.swift; sourceTree = "<group>"; };
		9CED9656231A5707008BF69A /* LinioChallengeFavorites.swift */ = {isa = PBXFileReference; lastKnownFileType = sourcecode.swift; path = LinioChallengeFavorites.swift; sourceTree = "<group>"; };
		9CED965A231AB26B008BF69A /* LinioChallengeFavoritesRH.swift */ = {isa = PBXFileReference; fileEncoding = 4; lastKnownFileType = sourcecode.swift; path = LinioChallengeFavoritesRH.swift; sourceTree = "<group>"; };
		9CED965C231AB287008BF69A /* LinioChallengeImageProductRH.swift */ = {isa = PBXFileReference; lastKnownFileType = sourcecode.swift; path = LinioChallengeImageProductRH.swift; sourceTree = "<group>"; };
		9CED9663231ACA00008BF69A /* HomeConstants.swift */ = {isa = PBXFileReference; lastKnownFileType = sourcecode.swift; path = HomeConstants.swift; sourceTree = "<group>"; };
/* End PBXFileReference section */

/* Begin PBXFrameworksBuildPhase section */
		9C7D1162231767B4005BE7A3 /* Frameworks */ = {
			isa = PBXFrameworksBuildPhase;
			buildActionMask = 2147483647;
			files = (
			);
			runOnlyForDeploymentPostprocessing = 0;
		};
		9C7D1176231767B6005BE7A3 /* Frameworks */ = {
			isa = PBXFrameworksBuildPhase;
			buildActionMask = 2147483647;
			files = (
			);
			runOnlyForDeploymentPostprocessing = 0;
		};
/* End PBXFrameworksBuildPhase section */

/* Begin PBXGroup section */
		9C7D115C231767B4005BE7A3 = {
			isa = PBXGroup;
			children = (
				9C7D1167231767B4005BE7A3 /* LinioMVVM */,
				9C7D117C231767B6005BE7A3 /* LinioMVVMTests */,
				9C7D1166231767B4005BE7A3 /* Products */,
			);
			sourceTree = "<group>";
		};
		9C7D1166231767B4005BE7A3 /* Products */ = {
			isa = PBXGroup;
			children = (
				9C7D1165231767B4005BE7A3 /* LinioMVVM.app */,
				9C7D1179231767B6005BE7A3 /* LinioMVVMTests.xctest */,
			);
			name = Products;
			sourceTree = "<group>";
		};
		9C7D1167231767B4005BE7A3 /* LinioMVVM */ = {
			isa = PBXGroup;
			children = (
				9CED962B2319F490008BF69A /* Code */,
				9C7D116F231767B6005BE7A3 /* Assets.xcassets */,
				9C7D1174231767B6005BE7A3 /* Info.plist */,
			);
			path = LinioMVVM;
			sourceTree = "<group>";
		};
		9C7D117C231767B6005BE7A3 /* LinioMVVMTests */ = {
			isa = PBXGroup;
			children = (
				9C7D117D231767B6005BE7A3 /* LinioMVVMTests.swift */,
				9C7D117F231767B6005BE7A3 /* Info.plist */,
			);
			path = LinioMVVMTests;
			sourceTree = "<group>";
		};
		9CED962B2319F490008BF69A /* Code */ = {
			isa = PBXGroup;
			children = (
				9CED96302319F56F008BF69A /* Networking */,
				9CED962E2319F540008BF69A /* Modules */,
				9CED962D2319F4D5008BF69A /* App */,
			);
			path = Code;
			sourceTree = "<group>";
		};
		9CED962C2319F4C2008BF69A /* LaunchScreen */ = {
			isa = PBXGroup;
			children = (
				9C7D1171231767B6005BE7A3 /* LaunchScreen.storyboard */,
			);
			path = LaunchScreen;
			sourceTree = "<group>";
		};
		9CED962D2319F4D5008BF69A /* App */ = {
			isa = PBXGroup;
			children = (
				9C7D1168231767B4005BE7A3 /* AppDelegate.swift */,
			);
			path = App;
			sourceTree = "<group>";
		};
		9CED962E2319F540008BF69A /* Modules */ = {
			isa = PBXGroup;
			children = (
				9CED962F2319F54A008BF69A /* Home */,
				9CED962C2319F4C2008BF69A /* LaunchScreen */,
			);
			path = Modules;
			sourceTree = "<group>";
		};
		9CED962F2319F54A008BF69A /* Home */ = {
			isa = PBXGroup;
			children = (
				9CED9662231AC9CE008BF69A /* Constants */,
				9CED965F231AC9B2008BF69A /* View */,
			);
			path = Home;
			sourceTree = "<group>";
		};
		9CED96302319F56F008BF69A /* Networking */ = {
			isa = PBXGroup;
			children = (
				9CED964A231A48DE008BF69A /* Common */,
				9CED9648231A48B5008BF69A /* Modules */,
			);
			path = Networking;
			sourceTree = "<group>";
		};
		9CED96312319F93E008BF69A /* EndPoint */ = {
			isa = PBXGroup;
			children = (
				9CED96352319F998008BF69A /* EndPointType.swift */,
			);
			path = EndPoint;
			sourceTree = "<group>";
		};
		9CED96322319F950008BF69A /* Manager */ = {
			isa = PBXGroup;
			children = (
				9CED9642231A2BE0008BF69A /* ServicesManager.swift */,
			);
			path = Manager;
			sourceTree = "<group>";
		};
		9CED96332319F95A008BF69A /* Service */ = {
			isa = PBXGroup;
			children = (
				9CED96372319FA9D008BF69A /* HTTPEnums.swift */,
				9CED9640231A0608008BF69A /* ServicesRouter.swift */,
				9CED9644231A318C008BF69A /* ServicesResponseHandler.swift */,
				9CED9646231A3751008BF69A /* ServicesErrorValidator.swift */,
			);
			path = Service;
			sourceTree = "<group>";
		};
		9CED96342319F966008BF69A /* Encoding */ = {
			isa = PBXGroup;
			children = (
				9CED96392319FDA5008BF69A /* ParameterEncoder.swift */,
				9CED963B231A0085008BF69A /* URLParameterEncoding.swift */,
			);
			path = Encoding;
			sourceTree = "<group>";
		};
		9CED963D231A040C008BF69A /* Constants */ = {
			isa = PBXGroup;
			children = (
				9CED963E231A041C008BF69A /* ServicesConstants.swift */,
			);
			path = Constants;
			sourceTree = "<group>";
		};
		9CED9648231A48B5008BF69A /* Modules */ = {
			isa = PBXGroup;
			children = (
				9CED964B231A4900008BF69A /* LinioChallenge */,
			);
			path = Modules;
			sourceTree = "<group>";
		};
		9CED964A231A48DE008BF69A /* Common */ = {
			isa = PBXGroup;
			children = (
				9CED963D231A040C008BF69A /* Constants */,
				9CED96342319F966008BF69A /* Encoding */,
				9CED96312319F93E008BF69A /* EndPoint */,
				9CED96322319F950008BF69A /* Manager */,
				9CED96332319F95A008BF69A /* Service */,
			);
			path = Common;
			sourceTree = "<group>";
		};
		9CED964B231A4900008BF69A /* LinioChallenge */ = {
			isa = PBXGroup;
			children = (
				9CED9650231A566C008BF69A /* EndPoint */,
				9CED9653231A56BE008BF69A /* Handler */,
				9CED9651231A5675008BF69A /* Manager */,
				9CED9652231A567B008BF69A /* Models */,
			);
			path = LinioChallenge;
			sourceTree = "<group>";
		};
		9CED9650231A566C008BF69A /* EndPoint */ = {
			isa = PBXGroup;
			children = (
				9CED964C231A52F4008BF69A /* LinioChallengeEndPoint.swift */,
			);
			path = EndPoint;
			sourceTree = "<group>";
		};
		9CED9651231A5675008BF69A /* Manager */ = {
			isa = PBXGroup;
			children = (
				9CED964E231A55EB008BF69A /* LinioChallengeServiceManager.swift */,
			);
			path = Manager;
			sourceTree = "<group>";
		};
		9CED9652231A567B008BF69A /* Models */ = {
			isa = PBXGroup;
			children = (
				9CED9656231A5707008BF69A /* LinioChallengeFavorites.swift */,
			);
			path = Models;
			sourceTree = "<group>";
		};
		9CED9653231A56BE008BF69A /* Handler */ = {
			isa = PBXGroup;
			children = (
				9CED965A231AB26B008BF69A /* LinioChallengeFavoritesRH.swift */,
				9CED965C231AB287008BF69A /* LinioChallengeImageProductRH.swift */,
			);
			path = Handler;
			sourceTree = "<group>";
		};
		9CED965F231AC9B2008BF69A /* View */ = {
			isa = PBXGroup;
			children = (
				9C7D116A231767B4005BE7A3 /* HomeViewController.swift */,
				9C7D116C231767B4005BE7A3 /* Home.storyboard */,
			);
			path = View;
			sourceTree = "<group>";
		};
		9CED9662231AC9CE008BF69A /* Constants */ = {
			isa = PBXGroup;
			children = (
				9CED9663231ACA00008BF69A /* HomeConstants.swift */,
			);
			path = Constants;
			sourceTree = "<group>";
		};
/* End PBXGroup section */

/* Begin PBXNativeTarget section */
		9C7D1164231767B4005BE7A3 /* LinioMVVM */ = {
			isa = PBXNativeTarget;
			buildConfigurationList = 9C7D1182231767B6005BE7A3 /* Build configuration list for PBXNativeTarget "LinioMVVM" */;
			buildPhases = (
				9C7D1161231767B4005BE7A3 /* Sources */,
				9C7D1162231767B4005BE7A3 /* Frameworks */,
				9C7D1163231767B4005BE7A3 /* Resources */,
			);
			buildRules = (
			);
			dependencies = (
			);
			name = LinioMVVM;
			productName = LinioMVVM;
			productReference = 9C7D1165231767B4005BE7A3 /* LinioMVVM.app */;
			productType = "com.apple.product-type.application";
		};
		9C7D1178231767B6005BE7A3 /* LinioMVVMTests */ = {
			isa = PBXNativeTarget;
			buildConfigurationList = 9C7D1185231767B6005BE7A3 /* Build configuration list for PBXNativeTarget "LinioMVVMTests" */;
			buildPhases = (
				9C7D1175231767B6005BE7A3 /* Sources */,
				9C7D1176231767B6005BE7A3 /* Frameworks */,
				9C7D1177231767B6005BE7A3 /* Resources */,
			);
			buildRules = (
			);
			dependencies = (
				9C7D117B231767B6005BE7A3 /* PBXTargetDependency */,
			);
			name = LinioMVVMTests;
			productName = LinioMVVMTests;
			productReference = 9C7D1179231767B6005BE7A3 /* LinioMVVMTests.xctest */;
			productType = "com.apple.product-type.bundle.unit-test";
		};
/* End PBXNativeTarget section */

/* Begin PBXProject section */
		9C7D115D231767B4005BE7A3 /* Project object */ = {
			isa = PBXProject;
			attributes = {
				LastSwiftUpdateCheck = 1020;
				LastUpgradeCheck = 1020;
				ORGANIZATIONNAME = MiguelPalacios;
				TargetAttributes = {
					9C7D1164231767B4005BE7A3 = {
						CreatedOnToolsVersion = 10.2.1;
					};
					9C7D1178231767B6005BE7A3 = {
						CreatedOnToolsVersion = 10.2.1;
						TestTargetID = 9C7D1164231767B4005BE7A3;
					};
				};
			};
			buildConfigurationList = 9C7D1160231767B4005BE7A3 /* Build configuration list for PBXProject "LinioMVVM" */;
			compatibilityVersion = "Xcode 9.3";
			developmentRegion = en;
			hasScannedForEncodings = 0;
			knownRegions = (
				en,
				Base,
			);
			mainGroup = 9C7D115C231767B4005BE7A3;
			productRefGroup = 9C7D1166231767B4005BE7A3 /* Products */;
			projectDirPath = "";
			projectRoot = "";
			targets = (
				9C7D1164231767B4005BE7A3 /* LinioMVVM */,
				9C7D1178231767B6005BE7A3 /* LinioMVVMTests */,
			);
		};
/* End PBXProject section */

/* Begin PBXResourcesBuildPhase section */
		9C7D1163231767B4005BE7A3 /* Resources */ = {
			isa = PBXResourcesBuildPhase;
			buildActionMask = 2147483647;
			files = (
				9C7D1173231767B6005BE7A3 /* LaunchScreen.storyboard in Resources */,
				9C7D1170231767B6005BE7A3 /* Assets.xcassets in Resources */,
				9C7D116E231767B4005BE7A3 /* Home.storyboard in Resources */,
			);
			runOnlyForDeploymentPostprocessing = 0;
		};
		9C7D1177231767B6005BE7A3 /* Resources */ = {
			isa = PBXResourcesBuildPhase;
			buildActionMask = 2147483647;
			files = (
			);
			runOnlyForDeploymentPostprocessing = 0;
		};
/* End PBXResourcesBuildPhase section */

/* Begin PBXSourcesBuildPhase section */
		9C7D1161231767B4005BE7A3 /* Sources */ = {
			isa = PBXSourcesBuildPhase;
			buildActionMask = 2147483647;
			files = (
				9CED9664231ACA00008BF69A /* HomeConstants.swift in Sources */,
				9CED9647231A3751008BF69A /* ServicesErrorValidator.swift in Sources */,
				9CED9643231A2BE0008BF69A /* ServicesManager.swift in Sources */,
				9CED964F231A55EB008BF69A /* LinioChallengeServiceManager.swift in Sources */,
				9CED9657231A5707008BF69A /* LinioChallengeFavorites.swift in Sources */,
				9CED964D231A52F4008BF69A /* LinioChallengeEndPoint.swift in Sources */,
				9CED9645231A318C008BF69A /* ServicesResponseHandler.swift in Sources */,
				9CED96382319FA9D008BF69A /* HTTPEnums.swift in Sources */,
				9C7D116B231767B4005BE7A3 /* HomeViewController.swift in Sources */,
				9C7D1169231767B4005BE7A3 /* AppDelegate.swift in Sources */,
				9CED965B231AB26B008BF69A /* LinioChallengeFavoritesRH.swift in Sources */,
				9CED963A2319FDA5008BF69A /* ParameterEncoder.swift in Sources */,
				9CED9641231A0608008BF69A /* ServicesRouter.swift in Sources */,
				9CED963C231A0085008BF69A /* URLParameterEncoding.swift in Sources */,
				9CED963F231A041C008BF69A /* ServicesConstants.swift in Sources */,
				9CED965D231AB287008BF69A /* LinioChallengeImageProductRH.swift in Sources */,
				9CED96362319F998008BF69A /* EndPointType.swift in Sources */,
			);
			runOnlyForDeploymentPostprocessing = 0;
		};
		9C7D1175231767B6005BE7A3 /* Sources */ = {
			isa = PBXSourcesBuildPhase;
			buildActionMask = 2147483647;
			files = (
				9C7D117E231767B6005BE7A3 /* LinioMVVMTests.swift in Sources */,
			);
			runOnlyForDeploymentPostprocessing = 0;
		};
/* End PBXSourcesBuildPhase section */

/* Begin PBXTargetDependency section */
		9C7D117B231767B6005BE7A3 /* PBXTargetDependency */ = {
			isa = PBXTargetDependency;
			target = 9C7D1164231767B4005BE7A3 /* LinioMVVM */;
			targetProxy = 9C7D117A231767B6005BE7A3 /* PBXContainerItemProxy */;
		};
/* End PBXTargetDependency section */

/* Begin PBXVariantGroup section */
		9C7D116C231767B4005BE7A3 /* Home.storyboard */ = {
			isa = PBXVariantGroup;
			children = (
				9C7D116D231767B4005BE7A3 /* Base */,
			);
			name = Home.storyboard;
			sourceTree = "<group>";
		};
		9C7D1171231767B6005BE7A3 /* LaunchScreen.storyboard */ = {
			isa = PBXVariantGroup;
			children = (
				9C7D1172231767B6005BE7A3 /* Base */,
			);
			name = LaunchScreen.storyboard;
			sourceTree = "<group>";
		};
/* End PBXVariantGroup section */

/* Begin XCBuildConfiguration section */
		9C7D1180231767B6005BE7A3 /* Debug */ = {
			isa = XCBuildConfiguration;
			buildSettings = {
				ALWAYS_SEARCH_USER_PATHS = NO;
				CLANG_ANALYZER_NONNULL = YES;
				CLANG_ANALYZER_NUMBER_OBJECT_CONVERSION = YES_AGGRESSIVE;
				CLANG_CXX_LANGUAGE_STANDARD = "gnu++14";
				CLANG_CXX_LIBRARY = "libc++";
				CLANG_ENABLE_MODULES = YES;
				CLANG_ENABLE_OBJC_ARC = YES;
				CLANG_ENABLE_OBJC_WEAK = YES;
				CLANG_WARN_BLOCK_CAPTURE_AUTORELEASING = YES;
				CLANG_WARN_BOOL_CONVERSION = YES;
				CLANG_WARN_COMMA = YES;
				CLANG_WARN_CONSTANT_CONVERSION = YES;
				CLANG_WARN_DEPRECATED_OBJC_IMPLEMENTATIONS = YES;
				CLANG_WARN_DIRECT_OBJC_ISA_USAGE = YES_ERROR;
				CLANG_WARN_DOCUMENTATION_COMMENTS = YES;
				CLANG_WARN_EMPTY_BODY = YES;
				CLANG_WARN_ENUM_CONVERSION = YES;
				CLANG_WARN_INFINITE_RECURSION = YES;
				CLANG_WARN_INT_CONVERSION = YES;
				CLANG_WARN_NON_LITERAL_NULL_CONVERSION = YES;
				CLANG_WARN_OBJC_IMPLICIT_RETAIN_SELF = YES;
				CLANG_WARN_OBJC_LITERAL_CONVERSION = YES;
				CLANG_WARN_OBJC_ROOT_CLASS = YES_ERROR;
				CLANG_WARN_RANGE_LOOP_ANALYSIS = YES;
				CLANG_WARN_STRICT_PROTOTYPES = YES;
				CLANG_WARN_SUSPICIOUS_MOVE = YES;
				CLANG_WARN_UNGUARDED_AVAILABILITY = YES_AGGRESSIVE;
				CLANG_WARN_UNREACHABLE_CODE = YES;
				CLANG_WARN__DUPLICATE_METHOD_MATCH = YES;
				CODE_SIGN_IDENTITY = "iPhone Developer";
				COPY_PHASE_STRIP = NO;
				DEBUG_INFORMATION_FORMAT = dwarf;
				ENABLE_STRICT_OBJC_MSGSEND = YES;
				ENABLE_TESTABILITY = YES;
				GCC_C_LANGUAGE_STANDARD = gnu11;
				GCC_DYNAMIC_NO_PIC = NO;
				GCC_NO_COMMON_BLOCKS = YES;
				GCC_OPTIMIZATION_LEVEL = 0;
				GCC_PREPROCESSOR_DEFINITIONS = (
					"DEBUG=1",
					"$(inherited)",
				);
				GCC_WARN_64_TO_32_BIT_CONVERSION = YES;
				GCC_WARN_ABOUT_RETURN_TYPE = YES_ERROR;
				GCC_WARN_UNDECLARED_SELECTOR = YES;
				GCC_WARN_UNINITIALIZED_AUTOS = YES_AGGRESSIVE;
				GCC_WARN_UNUSED_FUNCTION = YES;
				GCC_WARN_UNUSED_VARIABLE = YES;
				IPHONEOS_DEPLOYMENT_TARGET = 12.2;
				MTL_ENABLE_DEBUG_INFO = INCLUDE_SOURCE;
				MTL_FAST_MATH = YES;
				ONLY_ACTIVE_ARCH = YES;
				SDKROOT = iphoneos;
				SWIFT_ACTIVE_COMPILATION_CONDITIONS = DEBUG;
				SWIFT_OPTIMIZATION_LEVEL = "-Onone";
			};
			name = Debug;
		};
		9C7D1181231767B6005BE7A3 /* Release */ = {
			isa = XCBuildConfiguration;
			buildSettings = {
				ALWAYS_SEARCH_USER_PATHS = NO;
				CLANG_ANALYZER_NONNULL = YES;
				CLANG_ANALYZER_NUMBER_OBJECT_CONVERSION = YES_AGGRESSIVE;
				CLANG_CXX_LANGUAGE_STANDARD = "gnu++14";
				CLANG_CXX_LIBRARY = "libc++";
				CLANG_ENABLE_MODULES = YES;
				CLANG_ENABLE_OBJC_ARC = YES;
				CLANG_ENABLE_OBJC_WEAK = YES;
				CLANG_WARN_BLOCK_CAPTURE_AUTORELEASING = YES;
				CLANG_WARN_BOOL_CONVERSION = YES;
				CLANG_WARN_COMMA = YES;
				CLANG_WARN_CONSTANT_CONVERSION = YES;
				CLANG_WARN_DEPRECATED_OBJC_IMPLEMENTATIONS = YES;
				CLANG_WARN_DIRECT_OBJC_ISA_USAGE = YES_ERROR;
				CLANG_WARN_DOCUMENTATION_COMMENTS = YES;
				CLANG_WARN_EMPTY_BODY = YES;
				CLANG_WARN_ENUM_CONVERSION = YES;
				CLANG_WARN_INFINITE_RECURSION = YES;
				CLANG_WARN_INT_CONVERSION = YES;
				CLANG_WARN_NON_LITERAL_NULL_CONVERSION = YES;
				CLANG_WARN_OBJC_IMPLICIT_RETAIN_SELF = YES;
				CLANG_WARN_OBJC_LITERAL_CONVERSION = YES;
				CLANG_WARN_OBJC_ROOT_CLASS = YES_ERROR;
				CLANG_WARN_RANGE_LOOP_ANALYSIS = YES;
				CLANG_WARN_STRICT_PROTOTYPES = YES;
				CLANG_WARN_SUSPICIOUS_MOVE = YES;
				CLANG_WARN_UNGUARDED_AVAILABILITY = YES_AGGRESSIVE;
				CLANG_WARN_UNREACHABLE_CODE = YES;
				CLANG_WARN__DUPLICATE_METHOD_MATCH = YES;
				CODE_SIGN_IDENTITY = "iPhone Developer";
				COPY_PHASE_STRIP = NO;
				DEBUG_INFORMATION_FORMAT = "dwarf-with-dsym";
				ENABLE_NS_ASSERTIONS = NO;
				ENABLE_STRICT_OBJC_MSGSEND = YES;
				GCC_C_LANGUAGE_STANDARD = gnu11;
				GCC_NO_COMMON_BLOCKS = YES;
				GCC_WARN_64_TO_32_BIT_CONVERSION = YES;
				GCC_WARN_ABOUT_RETURN_TYPE = YES_ERROR;
				GCC_WARN_UNDECLARED_SELECTOR = YES;
				GCC_WARN_UNINITIALIZED_AUTOS = YES_AGGRESSIVE;
				GCC_WARN_UNUSED_FUNCTION = YES;
				GCC_WARN_UNUSED_VARIABLE = YES;
				IPHONEOS_DEPLOYMENT_TARGET = 12.2;
				MTL_ENABLE_DEBUG_INFO = NO;
				MTL_FAST_MATH = YES;
				SDKROOT = iphoneos;
				SWIFT_COMPILATION_MODE = wholemodule;
				SWIFT_OPTIMIZATION_LEVEL = "-O";
				VALIDATE_PRODUCT = YES;
			};
			name = Release;
		};
		9C7D1183231767B6005BE7A3 /* Debug */ = {
			isa = XCBuildConfiguration;
			buildSettings = {
				ASSETCATALOG_COMPILER_APPICON_NAME = AppIcon;
				CODE_SIGN_STYLE = Automatic;
				INFOPLIST_FILE = LinioMVVM/Info.plist;
				IPHONEOS_DEPLOYMENT_TARGET = 10.0;
				LD_RUNPATH_SEARCH_PATHS = (
					"$(inherited)",
					"@executable_path/Frameworks",
				);
				PRODUCT_BUNDLE_IDENTIFIER = com.miguel.palacios.challenge.LinioMVVM;
				PRODUCT_NAME = "$(TARGET_NAME)";
				SWIFT_VERSION = 5.0;
				TARGETED_DEVICE_FAMILY = "1,2";
			};
			name = Debug;
		};
		9C7D1184231767B6005BE7A3 /* Release */ = {
			isa = XCBuildConfiguration;
			buildSettings = {
				ASSETCATALOG_COMPILER_APPICON_NAME = AppIcon;
				CODE_SIGN_STYLE = Automatic;
				INFOPLIST_FILE = LinioMVVM/Info.plist;
				IPHONEOS_DEPLOYMENT_TARGET = 10.0;
				LD_RUNPATH_SEARCH_PATHS = (
					"$(inherited)",
					"@executable_path/Frameworks",
				);
				PRODUCT_BUNDLE_IDENTIFIER = com.miguel.palacios.challenge.LinioMVVM;
				PRODUCT_NAME = "$(TARGET_NAME)";
				SWIFT_VERSION = 5.0;
				TARGETED_DEVICE_FAMILY = "1,2";
			};
			name = Release;
		};
		9C7D1186231767B6005BE7A3 /* Debug */ = {
			isa = XCBuildConfiguration;
			buildSettings = {
				ALWAYS_EMBED_SWIFT_STANDARD_LIBRARIES = YES;
				BUNDLE_LOADER = "$(TEST_HOST)";
				CODE_SIGN_STYLE = Automatic;
				INFOPLIST_FILE = LinioMVVMTests/Info.plist;
				LD_RUNPATH_SEARCH_PATHS = (
					"$(inherited)",
					"@executable_path/Frameworks",
					"@loader_path/Frameworks",
				);
				PRODUCT_BUNDLE_IDENTIFIER = com.miguel.palacios.challenge.LinioMVVMTests;
				PRODUCT_NAME = "$(TARGET_NAME)";
				SWIFT_VERSION = 5.0;
				TARGETED_DEVICE_FAMILY = "1,2";
				TEST_HOST = "$(BUILT_PRODUCTS_DIR)/LinioMVVM.app/LinioMVVM";
			};
			name = Debug;
		};
		9C7D1187231767B6005BE7A3 /* Release */ = {
			isa = XCBuildConfiguration;
			buildSettings = {
				ALWAYS_EMBED_SWIFT_STANDARD_LIBRARIES = YES;
				BUNDLE_LOADER = "$(TEST_HOST)";
				CODE_SIGN_STYLE = Automatic;
				INFOPLIST_FILE = LinioMVVMTests/Info.plist;
				LD_RUNPATH_SEARCH_PATHS = (
					"$(inherited)",
					"@executable_path/Frameworks",
					"@loader_path/Frameworks",
				);
				PRODUCT_BUNDLE_IDENTIFIER = com.miguel.palacios.challenge.LinioMVVMTests;
				PRODUCT_NAME = "$(TARGET_NAME)";
				SWIFT_VERSION = 5.0;
				TARGETED_DEVICE_FAMILY = "1,2";
				TEST_HOST = "$(BUILT_PRODUCTS_DIR)/LinioMVVM.app/LinioMVVM";
			};
			name = Release;
		};
/* End XCBuildConfiguration section */

/* Begin XCConfigurationList section */
		9C7D1160231767B4005BE7A3 /* Build configuration list for PBXProject "LinioMVVM" */ = {
			isa = XCConfigurationList;
			buildConfigurations = (
				9C7D1180231767B6005BE7A3 /* Debug */,
				9C7D1181231767B6005BE7A3 /* Release */,
			);
			defaultConfigurationIsVisible = 0;
			defaultConfigurationName = Release;
		};
		9C7D1182231767B6005BE7A3 /* Build configuration list for PBXNativeTarget "LinioMVVM" */ = {
			isa = XCConfigurationList;
			buildConfigurations = (
				9C7D1183231767B6005BE7A3 /* Debug */,
				9C7D1184231767B6005BE7A3 /* Release */,
			);
			defaultConfigurationIsVisible = 0;
			defaultConfigurationName = Release;
		};
		9C7D1185231767B6005BE7A3 /* Build configuration list for PBXNativeTarget "LinioMVVMTests" */ = {
			isa = XCConfigurationList;
			buildConfigurations = (
				9C7D1186231767B6005BE7A3 /* Debug */,
				9C7D1187231767B6005BE7A3 /* Release */,
			);
			defaultConfigurationIsVisible = 0;
			defaultConfigurationName = Release;
		};
/* End XCConfigurationList section */
	};
	rootObject = 9C7D115D231767B4005BE7A3 /* Project object */;
}
